
Microsoft Visual Studio Solution File, Format Version 12.00
# Visual Studio 15
VisualStudioVersion = 15.0.28307.421
MinimumVisualStudioVersion = 10.0.40219.1
Project("{FAE04EC0-301F-11D3-BF4B-00C04F79EFBC}") = "WindowsFormsApp1", "WindowsFormsApp1\WindowsFormsApp1.csproj", "{81A40E28-28CC-4470-A651-387FDF8787DA}"
EndProject
Global
	GlobalSection(SolutionConfigurationPlatforms) = preSolution
		Debug|Any CPU = Debug|Any CPU
		Release|Any CPU = Release|Any CPU
	EndGlobalSection
	GlobalSection(ProjectConfigurationPlatforms) = postSolution
		{81A40E28-28CC-4470-A651-387FDF8787DA}.Debug|Any CPU.ActiveCfg = Debug|Any CPU
		{81A40E28-28CC-4470-A651-387FDF8787DA}.Debug|Any CPU.Build.0 = Debug|Any CPU
		{81A40E28-28CC-4470-A651-387FDF8787DA}.Release|Any CPU.ActiveCfg = Release|Any CPU
		{81A40E28-28CC-4470-A651-387FDF8787DA}.Release|Any CPU.Build.0 = Release|Any CPU
	EndGlobalSection
	GlobalSection(SolutionProperties) = preSolution
		HideSolutionNode = FALSE
	EndGlobalSection
	GlobalSection(ExtensibilityGlobals) = postSolution
		SolutionGuid = {4844F708-267C-4397-B785-A2736E836E0B}
	EndGlobalSection
EndGlobal
